
Microsoft Visual Studio Solution File, Format Version 12.00
# Visual Studio 15
VisualStudioVersion = 15.0.28307.168
MinimumVisualStudioVersion = 10.0.40219.1
Project("{FAE04EC0-301F-11D3-BF4B-00C04F79EFBC}") = "EksamenWeb", "EksamenWeb\EksamenWeb.csproj", "{9E6D07A7-8083-4F69-8B22-0446850BB938}"
EndProject
Project("{FAE04EC0-301F-11D3-BF4B-00C04F79EFBC}") = "API", "API\API.csproj", "{859463F0-08B7-4139-99F3-9D73AB192CEE}"
EndProject
Project("{FAE04EC0-301F-11D3-BF4B-00C04F79EFBC}") = "Entities", "Enities\Entities.csproj", "{5E249D10-3022-443E-B1F4-ABFD7A864AE0}"
EndProject
Global
	GlobalSection(SolutionConfigurationPlatforms) = preSolution
		Debug|Any CPU = Debug|Any CPU
		Release|Any CPU = Release|Any CPU
	EndGlobalSection
	GlobalSection(ProjectConfigurationPlatforms) = postSolution
		{9E6D07A7-8083-4F69-8B22-0446850BB938}.Debug|Any CPU.ActiveCfg = Debug|Any CPU
		{9E6D07A7-8083-4F69-8B22-0446850BB938}.Debug|Any CPU.Build.0 = Debug|Any CPU
		{9E6D07A7-8083-4F69-8B22-0446850BB938}.Release|Any CPU.ActiveCfg = Release|Any CPU
		{9E6D07A7-8083-4F69-8B22-0446850BB938}.Release|Any CPU.Build.0 = Release|Any CPU
		{859463F0-08B7-4139-99F3-9D73AB192CEE}.Debug|Any CPU.ActiveCfg = Debug|Any CPU
		{859463F0-08B7-4139-99F3-9D73AB192CEE}.Debug|Any CPU.Build.0 = Debug|Any CPU
		{859463F0-08B7-4139-99F3-9D73AB192CEE}.Release|Any CPU.ActiveCfg = Release|Any CPU
		{859463F0-08B7-4139-99F3-9D73AB192CEE}.Release|Any CPU.Build.0 = Release|Any CPU
		{5E249D10-3022-443E-B1F4-ABFD7A864AE0}.Debug|Any CPU.ActiveCfg = Debug|Any CPU
		{5E249D10-3022-443E-B1F4-ABFD7A864AE0}.Debug|Any CPU.Build.0 = Debug|Any CPU
		{5E249D10-3022-443E-B1F4-ABFD7A864AE0}.Release|Any CPU.ActiveCfg = Release|Any CPU
		{5E249D10-3022-443E-B1F4-ABFD7A864AE0}.Release|Any CPU.Build.0 = Release|Any CPU
	EndGlobalSection
	GlobalSection(SolutionProperties) = preSolution
		HideSolutionNode = FALSE
	EndGlobalSection
	GlobalSection(ExtensibilityGlobals) = postSolution
		SolutionGuid = {B6DBC7A9-7A25-4E96-9B2C-58697ED66BD3}
	EndGlobalSection
EndGlobal
